<Solution>
  <Project Path="src/SIEG.SrDevChallenge.Api/SIEG.SrDevChallenge.Api.csproj" />
  <Project Path="src/SIEG.SrDevChallenge.Application/SIEG.SrDevChallenge.Application.csproj" />
  <Project Path="src/SIEG.SrDevChallenge.CrossCutting/SIEG.SrDevChallenge.CrossCutting.csproj" />
  <Project Path="src/SIEG.SrDevChallenge.Domain/SIEG.SrDevChallenge.Domain.csproj" />
  <Project Path="src/SIEG.SrDevChallenge.Infrastructure/SIEG.SrDevChallenge.Infrastructure.csproj" />
</Solution>
